
Microsoft Visual Studio Solution File, Format Version 12.00
# Visual Studio Version 16
VisualStudioVersion = 16.0.30907.101
MinimumVisualStudioVersion = 10.0.40219.1
Project("{FAE04EC0-301F-11D3-BF4B-00C04F79EFBC}") = "Chernovik", "Chernovik\Chernovik.csproj", "{2D73B4A4-8F0C-4BEB-AA1C-BF548EA538C3}"
EndProject
Global
	GlobalSection(SolutionConfigurationPlatforms) = preSolution
		Debug|Any CPU = Debug|Any CPU
		Release|Any CPU = Release|Any CPU
	EndGlobalSection
	GlobalSection(ProjectConfigurationPlatforms) = postSolution
		{2D73B4A4-8F0C-4BEB-AA1C-BF548EA538C3}.Debug|Any CPU.ActiveCfg = Debug|Any CPU
		{2D73B4A4-8F0C-4BEB-AA1C-BF548EA538C3}.Debug|Any CPU.Build.0 = Debug|Any CPU
		{2D73B4A4-8F0C-4BEB-AA1C-BF548EA538C3}.Release|Any CPU.ActiveCfg = Release|Any CPU
		{2D73B4A4-8F0C-4BEB-AA1C-BF548EA538C3}.Release|Any CPU.Build.0 = Release|Any CPU
	EndGlobalSection
	GlobalSection(SolutionProperties) = preSolution
		HideSolutionNode = FALSE
	EndGlobalSection
	GlobalSection(ExtensibilityGlobals) = postSolution
		SolutionGuid = {D2FC7171-8F7A-4667-AB0E-6B44E4929567}
	EndGlobalSection
EndGlobal
